
Microsoft Visual Studio Solution File, Format Version 12.00
# Visual Studio Version 16
VisualStudioVersion = 16.0.30204.135
MinimumVisualStudioVersion = 10.0.40219.1
Project("{FAE04EC0-301F-11D3-BF4B-00C04F79EFBC}") = "QuanLySinhVien", "QuanLySinhVien\QuanLySinhVien.csproj", "{F28355D2-1833-420F-9259-E11A6D58B6BE}"
EndProject
Global
	GlobalSection(SolutionConfigurationPlatforms) = preSolution
		Debug|Any CPU = Debug|Any CPU
		Release|Any CPU = Release|Any CPU
	EndGlobalSection
	GlobalSection(ProjectConfigurationPlatforms) = postSolution
		{F28355D2-1833-420F-9259-E11A6D58B6BE}.Debug|Any CPU.ActiveCfg = Debug|Any CPU
		{F28355D2-1833-420F-9259-E11A6D58B6BE}.Debug|Any CPU.Build.0 = Debug|Any CPU
		{F28355D2-1833-420F-9259-E11A6D58B6BE}.Release|Any CPU.ActiveCfg = Release|Any CPU
		{F28355D2-1833-420F-9259-E11A6D58B6BE}.Release|Any CPU.Build.0 = Release|Any CPU
	EndGlobalSection
	GlobalSection(SolutionProperties) = preSolution
		HideSolutionNode = FALSE
	EndGlobalSection
	GlobalSection(ExtensibilityGlobals) = postSolution
		SolutionGuid = {69D22C0A-F2AA-4900-ACC1-2717B5AD4194}
	EndGlobalSection
EndGlobal
